
Microsoft Visual Studio Solution File, Format Version 12.00
# Visual Studio 15
VisualStudioVersion = 15.0.28010.2016
MinimumVisualStudioVersion = 10.0.40219.1
Project("{FAE04EC0-301F-11D3-BF4B-00C04F79EFBC}") = "ShipSystemsManager", "ShipSystemsManager\ShipSystemsManager.csproj", "{7577EDAA-27FF-4D32-814B-A1077F8DCDA4}"
EndProject
Global
	GlobalSection(SolutionConfigurationPlatforms) = preSolution
		Debug|x64 = Debug|x64
	EndGlobalSection
	GlobalSection(ProjectConfigurationPlatforms) = postSolution
		{7577EDAA-27FF-4D32-814B-A1077F8DCDA4}.Debug|x64.ActiveCfg = Debug|x64
		{7577EDAA-27FF-4D32-814B-A1077F8DCDA4}.Debug|x64.Build.0 = Debug|x64
	EndGlobalSection
	GlobalSection(SolutionProperties) = preSolution
		HideSolutionNode = FALSE
	EndGlobalSection
	GlobalSection(ExtensibilityGlobals) = postSolution
		SolutionGuid = {C4F9ABFF-1494-46EF-894C-DAFCA7DD87F3}
	EndGlobalSection
EndGlobal
